<?xml version="1.0" encoding="utf-8"?>
<Project ToolsVersion="4.0" xmlns="http://schemas.microsoft.com/developer/msbuild/2003">
  <ItemGroup>
    <Filter Include="Source Files">
      <UniqueIdentifier>{4FC737F1-C7A5-4376-A066-2A32D752A2FF}</UniqueIdentifier>
      <Extensions>cpp;c;cc;cxx;c++;cppm;ixx;def;odl;idl;hpj;bat;asm;asmx</Extensions>
    </Filter>
    <Filter Include="Header Files">
      <UniqueIdentifier>{93995380-89BD-4b04-88EB-625FBE52EBFB}</UniqueIdentifier>
      <Extensions>h;hh;hpp;hxx;h++;hm;inl;inc;ipp;xsd</Extensions>
    </Filter>
    <Filter Include="Resource Files">
      <UniqueIdentifier>{67DA6AB6-F800-4c08-8B7A-83BB121AAD01}</UniqueIdentifier>
      <Extensions>rc;ico;cur;bmp;dlg;rc2;rct;bin;rgs;gif;jpg;jpeg;jpe;resx;tiff;tif;png;wav;mfcribbon-ms</Extensions>
    </Filter>
  </ItemGroup>
  <ItemGroup>
    <ClCompile Include="Main.cpp">
      <Filter>Source Files</Filter>
    </ClCompile>
    <ClCompile Include="Rendering\Engine.cpp">
      <Filter>Source Files</Filter>
    </ClCompile>
    <ClCompile Include="Scene\Scene.cpp">
      <Filter>Source Files</Filter>
    </ClCompile>
    <ClCompile Include="Rendering\Rendering.cpp">
      <Filter>Source Files</Filter>
    </ClCompile>
    <ClCompile Include="Primatives\Mesh.cpp">
      <Filter>Source Files</Filter>
    </ClCompile>
    <ClCompile Include="Primatives\Vertex.cpp">
      <Filter>Source Files</Filter>
    </ClCompile>
    <ClCompile Include="Rendering\Animation\Animation.cpp">
      <Filter>Source Files</Filter>
    </ClCompile>
    <ClCompile Include="Primatives\Buffers.cpp">
      <Filter>Source Files</Filter>
    </ClCompile>
    <ClCompile Include="Rendering\Shading\Manager.cpp">
      <Filter>Source Files</Filter>
    </ClCompile>
    <ClCompile Include="Utils\ResourceLoader.cpp">
      <Filter>Source Files</Filter>
    </ClCompile>
    <ClCompile Include="Utils\Camera.cpp">
      <Filter>Source Files</Filter>
    </ClCompile>
    <ClCompile Include="Componets\Componets.cpp">
      <Filter>Source Files</Filter>
    </ClCompile>
    <ClCompile Include="GameObject\GameObject.cpp">
      <Filter>Source Files</Filter>
    </ClCompile>
    <ClCompile Include="Utils\AssimpWrapper.cpp">
      <Filter>Source Files</Filter>
    </ClCompile>
    <ClCompile Include="Primatives\Material.cpp">
      <Filter>Source Files</Filter>
    </ClCompile>
    <ClCompile Include="Componets\Light.cpp">
      <Filter>Source Files</Filter>
    </ClCompile>
    <ClCompile Include="GameObject\GameScene.cpp">
      <Filter>Source Files</Filter>
    </ClCompile>
    <ClCompile Include="UI\Elements.cpp">
      <Filter>Source Files</Filter>
    </ClCompile>
    <ClCompile Include="UI\Pane.cpp">
      <Filter>Source Files</Filter>
    </ClCompile>
    <ClCompile Include="EventSystem\Handler.cpp">
      <Filter>Source Files</Filter>
    </ClCompile>
    <ClCompile Include="UI\Renderer.cpp">
      <Filter>Source Files</Filter>
    </ClCompile>
  </ItemGroup>
  <ItemGroup>
    <ClInclude Include="Rendering\Engine.h">
      <Filter>Header Files</Filter>
    </ClInclude>
    <ClInclude Include="Scene\Scene.h">
      <Filter>Header Files</Filter>
    </ClInclude>
    <ClInclude Include="Rendering\Rendering.h">
      <Filter>Header Files</Filter>
    </ClInclude>
    <ClInclude Include="Primatives\Mesh.h">
      <Filter>Header Files</Filter>
    </ClInclude>
    <ClInclude Include="Primatives\Vertex.h">
      <Filter>Header Files</Filter>
    </ClInclude>
    <ClInclude Include="Rendering\Animation\Animation.h">
      <Filter>Header Files</Filter>
    </ClInclude>
    <ClInclude Include="Primatives\Buffers.h">
      <Filter>Header Files</Filter>
    </ClInclude>
    <ClInclude Include="Rendering\Shading\Manager.h">
      <Filter>Header Files</Filter>
    </ClInclude>
    <ClInclude Include="Utils\ResourceLoader.h">
      <Filter>Header Files</Filter>
    </ClInclude>
    <ClInclude Include="Utils\General.h">
      <Filter>Header Files</Filter>
    </ClInclude>
    <ClInclude Include="Utils\Camera.h">
      <Filter>Header Files</Filter>
    </ClInclude>
    <ClInclude Include="Componets\Componets.h">
      <Filter>Header Files</Filter>
    </ClInclude>
    <ClInclude Include="GameObject\GameObject.h">
      <Filter>Header Files</Filter>
    </ClInclude>
    <ClInclude Include="Utils\AssimpWrapper.h">
      <Filter>Header Files</Filter>
    </ClInclude>
    <ClInclude Include="Primatives\Material.h">
      <Filter>Header Files</Filter>
    </ClInclude>
    <ClInclude Include="Componets\Light.h">
      <Filter>Header Files</Filter>
    </ClInclude>
    <ClInclude Include="GameObject\GameScene.h">
      <Filter>Header Files</Filter>
    </ClInclude>
    <ClInclude Include="UI\Elements.h">
      <Filter>Header Files</Filter>
    </ClInclude>
    <ClInclude Include="UI\Pane.h">
      <Filter>Header Files</Filter>
    </ClInclude>
    <ClInclude Include="EventSystem\Handler.h">
      <Filter>Header Files</Filter>
    </ClInclude>
    <ClInclude Include="UI\Renderer.h">
      <Filter>Header Files</Filter>
    </ClInclude>
  </ItemGroup>
  <ItemGroup>
    <None Include="Basics\DefaultShader\vertex.glsl" />
    <None Include="Basics\DefaultShader\geometry.glsl" />
    <None Include="Basics\DefaultShader\fragment.glsl" />
    <None Include="Basics\ShadowShader\fragment.glsl" />
    <None Include="Basics\ShadowShader\geometry.glsl" />
    <None Include="Basics\ShadowShader\vertex.glsl" />
    <None Include="Basics\PBRShader\fragment.glsl" />
    <None Include="Basics\PBRShader\geometry.glsl" />
    <None Include="Basics\PBRShader\vertex.glsl" />
    <None Include="Basics\UIShader\fragment.glsl" />
    <None Include="Basics\UIShader\geometry.glsl" />
    <None Include="Basics\UIShader\vertex.glsl" />
  </ItemGroup>
  <ItemGroup>
    <Image Include="Basics\Textures\default.png">
      <Filter>Resource Files</Filter>
    </Image>
  </ItemGroup>
</Project>